
Microsoft Visual Studio Solution File, Format Version 12.00
# Visual Studio Version 16
VisualStudioVersion = 16.0.30011.22
MinimumVisualStudioVersion = 10.0.40219.1
Project("{2150E333-8FDC-42A3-9474-1A3956D46DE8}") = "src", "src", "{F6854F94-6512-4FD7-83B2-D31BC82A4BC5}"
EndProject
Project("{2150E333-8FDC-42A3-9474-1A3956D46DE8}") = "tests", "tests", "{CB40C224-990A-4334-A622-274EF27BE858}"
EndProject
Project("{9A19103F-16F7-4668-BE54-9A1E7A4F7556}") = "Domain.UnitTests", "tests\Domain.UnitTests\Domain.UnitTests.csproj", "{F307FA89-8A6F-468A-9A34-FB2E3F360283}"
EndProject
Project("{9A19103F-16F7-4668-BE54-9A1E7A4F7556}") = "Domain", "src\Domain\Domain.csproj", "{0B6CB0EB-536A-49D5-891B-93B20024E4CE}"
EndProject
Project("{9A19103F-16F7-4668-BE54-9A1E7A4F7556}") = "Application", "src\Application\Application.csproj", "{DDE05A67-BB5B-4185-87AD-B5866DDC54CF}"
EndProject
Project("{9A19103F-16F7-4668-BE54-9A1E7A4F7556}") = "Infrastructure", "src\Infrastructure\Infrastructure.csproj", "{E4F7C6A4-233A-42F9-8A44-FD89AF5596E0}"
EndProject
Project("{9A19103F-16F7-4668-BE54-9A1E7A4F7556}") = "Application.UnitTests", "tests\Application.UnitTests\Application.UnitTests.csproj", "{33B6FBD0-9706-4B94-B9B9-875466A02F2A}"
EndProject
Project("{9A19103F-16F7-4668-BE54-9A1E7A4F7556}") = "JavaScriptClient", "src\JavaScriptClient\JavaScriptClient.csproj", "{B43B68B5-23A9-4246-AABC-FE67A6FF70F5}"
EndProject
Project("{9A19103F-16F7-4668-BE54-9A1E7A4F7556}") = "Client", "src\Client\Client.csproj", "{D9C01E47-0E4E-46CF-ABD1-3AEA86E539C0}"
EndProject
Project("{9A19103F-16F7-4668-BE54-9A1E7A4F7556}") = "MvcClient", "src\MvcClient\MvcClient.csproj", "{184EC53B-842E-4D89-820B-14EF79B1DB86}"
EndProject
Project("{9A19103F-16F7-4668-BE54-9A1E7A4F7556}") = "Api", "src\Api\Api.csproj", "{877AD857-CC9D-43C8-A0C3-2E6D9C0DDA2A}"
EndProject
Project("{9A19103F-16F7-4668-BE54-9A1E7A4F7556}") = "IdentityServerAspNetIdentity", "src\IdentityServerAspNetIdentity\IdentityServerAspNetIdentity.csproj", "{EF68FF87-2341-4059-AFA6-0C1967BAC80D}"
EndProject
Project("{FAE04EC0-301F-11D3-BF4B-00C04F79EFBC}") = "StoreApp", "src\StoreApp\StoreApp.csproj", "{072D7024-0400-4BFF-85D3-237C0A2F5FD8}"
EndProject
Global
	GlobalSection(SolutionConfigurationPlatforms) = preSolution
		Debug|Any CPU = Debug|Any CPU
		Release|Any CPU = Release|Any CPU
	EndGlobalSection
	GlobalSection(ProjectConfigurationPlatforms) = postSolution
		{F307FA89-8A6F-468A-9A34-FB2E3F360283}.Debug|Any CPU.ActiveCfg = Debug|Any CPU
		{F307FA89-8A6F-468A-9A34-FB2E3F360283}.Debug|Any CPU.Build.0 = Debug|Any CPU
		{F307FA89-8A6F-468A-9A34-FB2E3F360283}.Release|Any CPU.ActiveCfg = Release|Any CPU
		{F307FA89-8A6F-468A-9A34-FB2E3F360283}.Release|Any CPU.Build.0 = Release|Any CPU
		{0B6CB0EB-536A-49D5-891B-93B20024E4CE}.Debug|Any CPU.ActiveCfg = Debug|Any CPU
		{0B6CB0EB-536A-49D5-891B-93B20024E4CE}.Debug|Any CPU.Build.0 = Debug|Any CPU
		{0B6CB0EB-536A-49D5-891B-93B20024E4CE}.Release|Any CPU.ActiveCfg = Release|Any CPU
		{0B6CB0EB-536A-49D5-891B-93B20024E4CE}.Release|Any CPU.Build.0 = Release|Any CPU
		{DDE05A67-BB5B-4185-87AD-B5866DDC54CF}.Debug|Any CPU.ActiveCfg = Debug|Any CPU
		{DDE05A67-BB5B-4185-87AD-B5866DDC54CF}.Debug|Any CPU.Build.0 = Debug|Any CPU
		{DDE05A67-BB5B-4185-87AD-B5866DDC54CF}.Release|Any CPU.ActiveCfg = Release|Any CPU
		{DDE05A67-BB5B-4185-87AD-B5866DDC54CF}.Release|Any CPU.Build.0 = Release|Any CPU
		{E4F7C6A4-233A-42F9-8A44-FD89AF5596E0}.Debug|Any CPU.ActiveCfg = Debug|Any CPU
		{E4F7C6A4-233A-42F9-8A44-FD89AF5596E0}.Debug|Any CPU.Build.0 = Debug|Any CPU
		{E4F7C6A4-233A-42F9-8A44-FD89AF5596E0}.Release|Any CPU.ActiveCfg = Release|Any CPU
		{E4F7C6A4-233A-42F9-8A44-FD89AF5596E0}.Release|Any CPU.Build.0 = Release|Any CPU
		{33B6FBD0-9706-4B94-B9B9-875466A02F2A}.Debug|Any CPU.ActiveCfg = Debug|Any CPU
		{33B6FBD0-9706-4B94-B9B9-875466A02F2A}.Debug|Any CPU.Build.0 = Debug|Any CPU
		{33B6FBD0-9706-4B94-B9B9-875466A02F2A}.Release|Any CPU.ActiveCfg = Release|Any CPU
		{33B6FBD0-9706-4B94-B9B9-875466A02F2A}.Release|Any CPU.Build.0 = Release|Any CPU
		{B43B68B5-23A9-4246-AABC-FE67A6FF70F5}.Debug|Any CPU.ActiveCfg = Debug|Any CPU
		{B43B68B5-23A9-4246-AABC-FE67A6FF70F5}.Debug|Any CPU.Build.0 = Debug|Any CPU
		{B43B68B5-23A9-4246-AABC-FE67A6FF70F5}.Release|Any CPU.ActiveCfg = Release|Any CPU
		{B43B68B5-23A9-4246-AABC-FE67A6FF70F5}.Release|Any CPU.Build.0 = Release|Any CPU
		{D9C01E47-0E4E-46CF-ABD1-3AEA86E539C0}.Debug|Any CPU.ActiveCfg = Debug|Any CPU
		{D9C01E47-0E4E-46CF-ABD1-3AEA86E539C0}.Debug|Any CPU.Build.0 = Debug|Any CPU
		{D9C01E47-0E4E-46CF-ABD1-3AEA86E539C0}.Release|Any CPU.ActiveCfg = Release|Any CPU
		{D9C01E47-0E4E-46CF-ABD1-3AEA86E539C0}.Release|Any CPU.Build.0 = Release|Any CPU
		{184EC53B-842E-4D89-820B-14EF79B1DB86}.Debug|Any CPU.ActiveCfg = Debug|Any CPU
		{184EC53B-842E-4D89-820B-14EF79B1DB86}.Debug|Any CPU.Build.0 = Debug|Any CPU
		{184EC53B-842E-4D89-820B-14EF79B1DB86}.Release|Any CPU.ActiveCfg = Release|Any CPU
		{184EC53B-842E-4D89-820B-14EF79B1DB86}.Release|Any CPU.Build.0 = Release|Any CPU
		{877AD857-CC9D-43C8-A0C3-2E6D9C0DDA2A}.Debug|Any CPU.ActiveCfg = Debug|Any CPU
		{877AD857-CC9D-43C8-A0C3-2E6D9C0DDA2A}.Debug|Any CPU.Build.0 = Debug|Any CPU
		{877AD857-CC9D-43C8-A0C3-2E6D9C0DDA2A}.Release|Any CPU.ActiveCfg = Release|Any CPU
		{877AD857-CC9D-43C8-A0C3-2E6D9C0DDA2A}.Release|Any CPU.Build.0 = Release|Any CPU
		{EF68FF87-2341-4059-AFA6-0C1967BAC80D}.Debug|Any CPU.ActiveCfg = Debug|Any CPU
		{EF68FF87-2341-4059-AFA6-0C1967BAC80D}.Debug|Any CPU.Build.0 = Debug|Any CPU
		{EF68FF87-2341-4059-AFA6-0C1967BAC80D}.Release|Any CPU.ActiveCfg = Release|Any CPU
		{EF68FF87-2341-4059-AFA6-0C1967BAC80D}.Release|Any CPU.Build.0 = Release|Any CPU
		{072D7024-0400-4BFF-85D3-237C0A2F5FD8}.Debug|Any CPU.ActiveCfg = Debug|Any CPU
		{072D7024-0400-4BFF-85D3-237C0A2F5FD8}.Debug|Any CPU.Build.0 = Debug|Any CPU
		{072D7024-0400-4BFF-85D3-237C0A2F5FD8}.Release|Any CPU.ActiveCfg = Release|Any CPU
		{072D7024-0400-4BFF-85D3-237C0A2F5FD8}.Release|Any CPU.Build.0 = Release|Any CPU
	EndGlobalSection
	GlobalSection(SolutionProperties) = preSolution
		HideSolutionNode = FALSE
	EndGlobalSection
	GlobalSection(NestedProjects) = preSolution
		{F307FA89-8A6F-468A-9A34-FB2E3F360283} = {CB40C224-990A-4334-A622-274EF27BE858}
		{0B6CB0EB-536A-49D5-891B-93B20024E4CE} = {F6854F94-6512-4FD7-83B2-D31BC82A4BC5}
		{DDE05A67-BB5B-4185-87AD-B5866DDC54CF} = {F6854F94-6512-4FD7-83B2-D31BC82A4BC5}
		{E4F7C6A4-233A-42F9-8A44-FD89AF5596E0} = {F6854F94-6512-4FD7-83B2-D31BC82A4BC5}
		{33B6FBD0-9706-4B94-B9B9-875466A02F2A} = {CB40C224-990A-4334-A622-274EF27BE858}
		{B43B68B5-23A9-4246-AABC-FE67A6FF70F5} = {F6854F94-6512-4FD7-83B2-D31BC82A4BC5}
		{D9C01E47-0E4E-46CF-ABD1-3AEA86E539C0} = {F6854F94-6512-4FD7-83B2-D31BC82A4BC5}
		{184EC53B-842E-4D89-820B-14EF79B1DB86} = {F6854F94-6512-4FD7-83B2-D31BC82A4BC5}
		{877AD857-CC9D-43C8-A0C3-2E6D9C0DDA2A} = {F6854F94-6512-4FD7-83B2-D31BC82A4BC5}
		{EF68FF87-2341-4059-AFA6-0C1967BAC80D} = {F6854F94-6512-4FD7-83B2-D31BC82A4BC5}
		{072D7024-0400-4BFF-85D3-237C0A2F5FD8} = {F6854F94-6512-4FD7-83B2-D31BC82A4BC5}
	EndGlobalSection
	GlobalSection(ExtensibilityGlobals) = postSolution
		SolutionGuid = {4F0D0DBD-381A-40F5-8378-BD320658904F}
	EndGlobalSection
EndGlobal
